// !$*UTF8*$!
{
	archiveVersion = 1;
	classes = {
	};
	objectVersion = 46;
	objects = {

/* Begin PBXBuildFile section */
		1D0B99401E331548000BD64A /* AppDelegate.swift in Sources */ = {isa = PBXBuildFile; fileRef = 1D0B993F1E331548000BD64A /* AppDelegate.swift */; };
		1D0B99421E331548000BD64A /* ViewController.swift in Sources */ = {isa = PBXBuildFile; fileRef = 1D0B99411E331548000BD64A /* ViewController.swift */; };
		1D0B99451E331548000BD64A /* Main.storyboard in Resources */ = {isa = PBXBuildFile; fileRef = 1D0B99431E331548000BD64A /* Main.storyboard */; };
		1D0B99471E331548000BD64A /* Assets.xcassets in Resources */ = {isa = PBXBuildFile; fileRef = 1D0B99461E331548000BD64A /* Assets.xcassets */; };
		1D0B994A1E331548000BD64A /* LaunchScreen.storyboard in Resources */ = {isa = PBXBuildFile; fileRef = 1D0B99481E331548000BD64A /* LaunchScreen.storyboard */; };
/* End PBXBuildFile section */

/* Begin PBXFileReference section */
		1D0B993C1E331547000BD64A /* example-stackview.app */ = {isa = PBXFileReference; explicitFileType = wrapper.application; includeInIndex = 0; path = "example-stackview.app"; sourceTree = BUILT_PRODUCTS_DIR; };
		1D0B993F1E331548000BD64A /* AppDelegate.swift */ = {isa = PBXFileReference; lastKnownFileType = sourcecode.swift; path = AppDelegate.swift; sourceTree = "<group>"; };
		1D0B99411E331548000BD64A /* ViewController.swift */ = {isa = PBXFileReference; lastKnownFileType = sourcecode.swift; path = ViewController.swift; sourceTree = "<group>"; };
		1D0B99441E331548000BD64A /* Base */ = {isa = PBXFileReference; lastKnownFileType = file.storyboard; name = Base; path = Base.lproj/Main.storyboard; sourceTree = "<group>"; };
		1D0B99461E331548000BD64A /* Assets.xcassets */ = {isa = PBXFileReference; lastKnownFileType = folder.assetcatalog; path = Assets.xcassets; sourceTree = "<group>"; };
		1D0B99491E331548000BD64A /* Base */ = {isa = PBXFileReference; lastKnownFileType = file.storyboard; name = Base; path = Base.lproj/LaunchScreen.storyboard; sourceTree = "<group>"; };
		1D0B994B1E331548000BD64A /* Info.plist */ = {isa = PBXFileReference; lastKnownFileType = text.plist.xml; path = Info.plist; sourceTree = "<group>"; };
/* End PBXFileReference section */

/* Begin PBXFrameworksBuildPhase section */
		1D0B99391E331547000BD64A /* Frameworks */ = {
			isa = PBXFrameworksBuildPhase;
			buildActionMask = 2147483647;
			files = (
			);
			runOnlyForDeploymentPostprocessing = 0;
		};
/* End PBXFrameworksBuildPhase section */

/* Begin PBXGroup section */
		1D0B99331E331547000BD64A = {
			isa = PBXGroup;
			children = (
				1D0B993E1E331547000BD64A /* example-stackview */,
				1D0B993D1E331547000BD64A /* Products */,
			);
			sourceTree = "<group>";
		};
		1D0B993D1E331547000BD64A /* Products */ = {
			isa = PBXGroup;
			children = (
				1D0B993C1E331547000BD64A /* example-stackview.app */,
			);
			name = Products;
			sourceTree = "<group>";
		};
		1D0B993E1E331547000BD64A /* example-stackview */ = {
			isa = PBXGroup;
			children = (
				1D0B993F1E331548000BD64A /* AppDelegate.swift */,
				1D0B99411E331548000BD64A /* ViewController.swift */,
				1D0B99431E331548000BD64A /* Main.storyboard */,
				1D0B99461E331548000BD64A /* Assets.xcassets */,
				1D0B99481E331548000BD64A /* LaunchScreen.storyboard */,
				1D0B994B1E331548000BD64A /* Info.plist */,
			);
			path = "example-stackview";
			sourceTree = "<group>";
		};
/* End PBXGroup section */

/* Begin PBXNativeTarget section */
		1D0B993B1E331547000BD64A /* example-stackview */ = {
			isa = PBXNativeTarget;
			buildConfigurationList = 1D0B994E1E331548000BD64A /* Build configuration list for PBXNativeTarget "example-stackview" */;
			buildPhases = (
				1D0B99381E331547000BD64A /* Sources */,
				1D0B99391E331547000BD64A /* Frameworks */,
				1D0B993A1E331547000BD64A /* Resources */,
			);
			buildRules = (
			);
			dependencies = (
			);
			name = "example-stackview";
			productName = "example-stackview";
			productReference = 1D0B993C1E331547000BD64A /* example-stackview.app */;
			productType = "com.apple.product-type.application";
		};
/* End PBXNativeTarget section */

/* Begin PBXProject section */
		1D0B99341E331547000BD64A /* Project object */ = {
			isa = PBXProject;
			attributes = {
				LastSwiftUpdateCheck = 0820;
				LastUpgradeCheck = 0820;
				ORGANIZATIONNAME = "Header-Development";
				TargetAttributes = {
					1D0B993B1E331547000BD64A = {
						CreatedOnToolsVersion = 8.2.1;
						DevelopmentTeam = VXEFFCJU33;
						ProvisioningStyle = Automatic;
					};
				};
			};
			buildConfigurationList = 1D0B99371E331547000BD64A /* Build configuration list for PBXProject "example-stackview" */;
			compatibilityVersion = "Xcode 3.2";
			developmentRegion = English;
			hasScannedForEncodings = 0;
			knownRegions = (
				en,
				Base,
			);
			mainGroup = 1D0B99331E331547000BD64A;
			productRefGroup = 1D0B993D1E331547000BD64A /* Products */;
			projectDirPath = "";
			projectRoot = "";
			targets = (
				1D0B993B1E331547000BD64A /* example-stackview */,
			);
		};
/* End PBXProject section */

/* Begin PBXResourcesBuildPhase section */
		1D0B993A1E331547000BD64A /* Resources */ = {
			isa = PBXResourcesBuildPhase;
			buildActionMask = 2147483647;
			files = (
				1D0B994A1E331548000BD64A /* LaunchScreen.storyboard in Resources */,
				1D0B99471E331548000BD64A /* Assets.xcassets in Resources */,
				1D0B99451E331548000BD64A /* Main.storyboard in Resources */,
			);
			runOnlyForDeploymentPostprocessing = 0;
		};
/* End PBXResourcesBuildPhase section */

/* Begin PBXSourcesBuildPhase section */
		1D0B99381E331547000BD64A /* Sources */ = {
			isa = PBXSourcesBuildPhase;
			buildActionMask = 2147483647;
			files = (
				1D0B99421E331548000BD64A /* ViewController.swift in Sources */,
				1D0B99401E331548000BD64A /* AppDelegate.swift in Sources */,
			);
			runOnlyForDeploymentPostprocessing = 0;
		};
/* End PBXSourcesBuildPhase section */

/* Begin PBXVariantGroup section */
		1D0B99431E331548000BD64A /* Main.storyboard */ = {
			isa = PBXVariantGroup;
			children = (
				1D0B99441E331548000BD64A /* Base */,
			);
			name = Main.storyboard;
			sourceTree = "<group>";
		};
		1D0B99481E331548000BD64A /* LaunchScreen.storyboard */ = {
			isa = PBXVariantGroup;
			children = (
				1D0B99491E331548000BD64A /* Base */,
			);
			name = LaunchScreen.storyboard;
			sourceTree = "<group>";
		};
/* End PBXVariantGroup section */

/* Begin XCBuildConfiguration section */
		1D0B994C1E331548000BD64A /* Debug */ = {
			isa = XCBuildConfiguration;
			buildSettings = {
				ALWAYS_SEARCH_USER_PATHS = NO;
				CLANG_ANALYZER_NONNULL = YES;
				CLANG_CXX_LANGUAGE_STANDARD = "gnu++0x";
				CLANG_CXX_LIBRARY = "libc++";
				CLANG_ENABLE_MODULES = YES;
				CLANG_ENABLE_OBJC_ARC = YES;
				CLANG_WARN_BOOL_CONVERSION = YES;
				CLANG_WARN_CONSTANT_CONVERSION = YES;
				CLANG_WARN_DIRECT_OBJC_ISA_USAGE = YES_ERROR;
				CLANG_WARN_DOCUMENTATION_COMMENTS = YES;
				CLANG_WARN_EMPTY_BODY = YES;
				CLANG_WARN_ENUM_CONVERSION = YES;
				CLANG_WARN_INFINITE_RECURSION = YES;
				CLANG_WARN_INT_CONVERSION = YES;
				CLANG_WARN_OBJC_ROOT_CLASS = YES_ERROR;
				CLANG_WARN_SUSPICIOUS_MOVE = YES;
				CLANG_WARN_UNREACHABLE_CODE = YES;
				CLANG_WARN__DUPLICATE_METHOD_MATCH = YES;
				"CODE_SIGN_IDENTITY[sdk=iphoneos*]" = "iPhone Developer";
				COPY_PHASE_STRIP = NO;
				DEBUG_INFORMATION_FORMAT = dwarf;
				ENABLE_STRICT_OBJC_MSGSEND = YES;
				ENABLE_TESTABILITY = YES;
				GCC_C_LANGUAGE_STANDARD = gnu99;
				GCC_DYNAMIC_NO_PIC = NO;
				GCC_NO_COMMON_BLOCKS = YES;
				GCC_OPTIMIZATION_LEVEL = 0;
				GCC_PREPROCESSOR_DEFINITIONS = (
					"DEBUG=1",
					"$(inherited)",
				);
				GCC_WARN_64_TO_32_BIT_CONVERSION = YES;
				GCC_WARN_ABOUT_RETURN_TYPE = YES_ERROR;
				GCC_WARN_UNDECLARED_SELECTOR = YES;
				GCC_WARN_UNINITIALIZED_AUTOS = YES_AGGRESSIVE;
				GCC_WARN_UNUSED_FUNCTION = YES;
				GCC_WARN_UNUSED_VARIABLE = YES;
				IPHONEOS_DEPLOYMENT_TARGET = 10.2;
				MTL_ENABLE_DEBUG_INFO = YES;
				ONLY_ACTIVE_ARCH = YES;
				SDKROOT = iphoneos;
				SWIFT_ACTIVE_COMPILATION_CONDITIONS = DEBUG;
				SWIFT_OPTIMIZATION_LEVEL = "-Onone";
			};
			name = Debug;
		};
		1D0B994D1E331548000BD64A /* Release */ = {
			isa = XCBuildConfiguration;
			buildSettings = {
				ALWAYS_SEARCH_USER_PATHS = NO;
				CLANG_ANALYZER_NONNULL = YES;
				CLANG_CXX_LANGUAGE_STANDARD = "gnu++0x";
				CLANG_CXX_LIBRARY = "libc++";
				CLANG_ENABLE_MODULES = YES;
				CLANG_ENABLE_OBJC_ARC = YES;
				CLANG_WARN_BOOL_CONVERSION = YES;
				CLANG_WARN_CONSTANT_CONVERSION = YES;
				CLANG_WARN_DIRECT_OBJC_ISA_USAGE = YES_ERROR;
				CLANG_WARN_DOCUMENTATION_COMMENTS = YES;
				CLANG_WARN_EMPTY_BODY = YES;
				CLANG_WARN_ENUM_CONVERSION = YES;
				CLANG_WARN_INFINITE_RECURSION = YES;
				CLANG_WARN_INT_CONVERSION = YES;
				CLANG_WARN_OBJC_ROOT_CLASS = YES_ERROR;
				CLANG_WARN_SUSPICIOUS_MOVE = YES;
				CLANG_WARN_UNREACHABLE_CODE = YES;
				CLANG_WARN__DUPLICATE_METHOD_MATCH = YES;
				"CODE_SIGN_IDENTITY[sdk=iphoneos*]" = "iPhone Developer";
				COPY_PHASE_STRIP = NO;
				DEBUG_INFORMATION_FORMAT = "dwarf-with-dsym";
				ENABLE_NS_ASSERTIONS = NO;
				ENABLE_STRICT_OBJC_MSGSEND = YES;
				GCC_C_LANGUAGE_STANDARD = gnu99;
				GCC_NO_COMMON_BLOCKS = YES;
				GCC_WARN_64_TO_32_BIT_CONVERSION = YES;
				GCC_WARN_ABOUT_RETURN_TYPE = YES_ERROR;
				GCC_WARN_UNDECLARED_SELECTOR = YES;
				GCC_WARN_UNINITIALIZED_AUTOS = YES_AGGRESSIVE;
				GCC_WARN_UNUSED_FUNCTION = YES;
				GCC_WARN_UNUSED_VARIABLE = YES;
				IPHONEOS_DEPLOYMENT_TARGET = 10.2;
				MTL_ENABLE_DEBUG_INFO = NO;
				SDKROOT = iphoneos;
				SWIFT_OPTIMIZATION_LEVEL = "-Owholemodule";
				VALIDATE_PRODUCT = YES;
			};
			name = Release;
		};
		1D0B994F1E331548000BD64A /* Debug */ = {
			isa = XCBuildConfiguration;
			buildSettings = {
				ASSETCATALOG_COMPILER_APPICON_NAME = AppIcon;
				DEVELOPMENT_TEAM = VXEFFCJU33;
				INFOPLIST_FILE = "example-stackview/Info.plist";
				LD_RUNPATH_SEARCH_PATHS = "$(inherited) @executable_path/Frameworks";
				PRODUCT_BUNDLE_IDENTIFIER = "com.header-dev.example-stackview";
				PRODUCT_NAME = "$(TARGET_NAME)";
				SWIFT_VERSION = 3.0;
				TARGETED_DEVICE_FAMILY = "1,2";
			};
			name = Debug;
		};
		1D0B99501E331548000BD64A /* Release */ = {
			isa = XCBuildConfiguration;
			buildSettings = {
				ASSETCATALOG_COMPILER_APPICON_NAME = AppIcon;
				DEVELOPMENT_TEAM = VXEFFCJU33;
				INFOPLIST_FILE = "example-stackview/Info.plist";
				LD_RUNPATH_SEARCH_PATHS = "$(inherited) @executable_path/Frameworks";
				PRODUCT_BUNDLE_IDENTIFIER = "com.header-dev.example-stackview";
				PRODUCT_NAME = "$(TARGET_NAME)";
				SWIFT_VERSION = 3.0;
				TARGETED_DEVICE_FAMILY = "1,2";
			};
			name = Release;
		};
/* End XCBuildConfiguration section */

/* Begin XCConfigurationList section */
		1D0B99371E331547000BD64A /* Build configuration list for PBXProject "example-stackview" */ = {
			isa = XCConfigurationList;
			buildConfigurations = (
				1D0B994C1E331548000BD64A /* Debug */,
				1D0B994D1E331548000BD64A /* Release */,
			);
			defaultConfigurationIsVisible = 0;
			defaultConfigurationName = Release;
		};
		1D0B994E1E331548000BD64A /* Build configuration list for PBXNativeTarget "example-stackview" */ = {
			isa = XCConfigurationList;
			buildConfigurations = (
				1D0B994F1E331548000BD64A /* Debug */,
				1D0B99501E331548000BD64A /* Release */,
			);
			defaultConfigurationIsVisible = 0;
		};
/* End XCConfigurationList section */
	};
	rootObject = 1D0B99341E331547000BD64A /* Project object */;
}
